%{"json_minecraft_data": {:git, "https://github.com/PrismarineJS/minecraft-data.git", "a13abc7f468698e5e37592dca6faefdcd6527cb4", [ref: "a13abc7f468698e5e37592dca6faefdcd6527cb4"]},
  "poison": {:hex, :poison, "2.2.0", "4763b69a8a77bd77d26f477d196428b741261a761257ff1cf92753a0d4d24a63", [:mix], [], "hexpm"}}
